{
  "name": "@lokidb/ionic-file-storage",
  "requires": true,
  "lockfileVersion": 1,
  "dependencies": {
    "@ionic-native/file": {
      "version": "4.12.0",
      "resolved": "https://registry.npmjs.org/@ionic-native/file/-/file-4.12.0.tgz",
      "integrity": "sha512-R0lId7Inlz5u5U27DZDk6RTzAOTTy21jj8FlYNiJS/LqTB5KtPCzfcoLxNP0aIFh8O2u5Bp9KoV5JgGRSFoJ6g=="
    }
  }
}
